
Microsoft Visual Studio Solution File, Format Version 12.00
# Visual Studio 15
VisualStudioVersion = 15.0.28307.329
MinimumVisualStudioVersion = 10.0.40219.1
Project("{FAE04EC0-301F-11D3-BF4B-00C04F79EFBC}") = "Vinhos", "Vinhos\Vinhos.csproj", "{BF78E8A6-EA15-4EEA-B597-8759F220FEBA}"
EndProject
Global
	GlobalSection(SolutionConfigurationPlatforms) = preSolution
		Debug|Any CPU = Debug|Any CPU
		Release|Any CPU = Release|Any CPU
	EndGlobalSection
	GlobalSection(ProjectConfigurationPlatforms) = postSolution
		{BF78E8A6-EA15-4EEA-B597-8759F220FEBA}.Debug|Any CPU.ActiveCfg = Debug|Any CPU
		{BF78E8A6-EA15-4EEA-B597-8759F220FEBA}.Debug|Any CPU.Build.0 = Debug|Any CPU
		{BF78E8A6-EA15-4EEA-B597-8759F220FEBA}.Release|Any CPU.ActiveCfg = Release|Any CPU
		{BF78E8A6-EA15-4EEA-B597-8759F220FEBA}.Release|Any CPU.Build.0 = Release|Any CPU
	EndGlobalSection
	GlobalSection(SolutionProperties) = preSolution
		HideSolutionNode = FALSE
	EndGlobalSection
	GlobalSection(ExtensibilityGlobals) = postSolution
		SolutionGuid = {E3126623-CC73-49CF-AC19-7EA41F53CEF4}
	EndGlobalSection
EndGlobal
